
Microsoft Visual Studio Solution File, Format Version 12.00
# Visual Studio Version 17
VisualStudioVersion = 17.10.35013.160
MinimumVisualStudioVersion = 10.0.40219.1
Project("{FAE04EC0-301F-11D3-BF4B-00C04F79EFBC}") = "ICF-Generator", "ICF-Generator.csproj", "{B2420485-798E-42FE-8924-24F94804AF3F}"
EndProject
Global
	GlobalSection(SolutionConfigurationPlatforms) = preSolution
		Debug|Any CPU = Debug|Any CPU
		Release|Any CPU = Release|Any CPU
	EndGlobalSection
	GlobalSection(ProjectConfigurationPlatforms) = postSolution
		{B2420485-798E-42FE-8924-24F94804AF3F}.Debug|Any CPU.ActiveCfg = Debug|Any CPU
		{B2420485-798E-42FE-8924-24F94804AF3F}.Debug|Any CPU.Build.0 = Debug|Any CPU
		{B2420485-798E-42FE-8924-24F94804AF3F}.Release|Any CPU.ActiveCfg = Release|Any CPU
		{B2420485-798E-42FE-8924-24F94804AF3F}.Release|Any CPU.Build.0 = Release|Any CPU
	EndGlobalSection
	GlobalSection(SolutionProperties) = preSolution
		HideSolutionNode = FALSE
	EndGlobalSection
	GlobalSection(ExtensibilityGlobals) = postSolution
		SolutionGuid = {4F5B5104-6501-4F9D-B141-06EFDAF6A225}
	EndGlobalSection
EndGlobal
